
Microsoft Visual Studio Solution File, Format Version 12.00
# Visual Studio Version 17
VisualStudioVersion = 17.4.33213.308
MinimumVisualStudioVersion = 10.0.40219.1
Project("{9A19103F-16F7-4668-BE54-9A1E7A4F7556}") = "JackAnalyzer", "JackAnalyzer\JackAnalyzer.csproj", "{9C17CE3B-3FD0-44D8-B4F2-423C64FB4A4F}"
EndProject
Global
	GlobalSection(SolutionConfigurationPlatforms) = preSolution
		Debug|Any CPU = Debug|Any CPU
		Release|Any CPU = Release|Any CPU
	EndGlobalSection
	GlobalSection(ProjectConfigurationPlatforms) = postSolution
		{9C17CE3B-3FD0-44D8-B4F2-423C64FB4A4F}.Debug|Any CPU.ActiveCfg = Debug|Any CPU
		{9C17CE3B-3FD0-44D8-B4F2-423C64FB4A4F}.Debug|Any CPU.Build.0 = Debug|Any CPU
		{9C17CE3B-3FD0-44D8-B4F2-423C64FB4A4F}.Release|Any CPU.ActiveCfg = Release|Any CPU
		{9C17CE3B-3FD0-44D8-B4F2-423C64FB4A4F}.Release|Any CPU.Build.0 = Release|Any CPU
	EndGlobalSection
	GlobalSection(SolutionProperties) = preSolution
		HideSolutionNode = FALSE
	EndGlobalSection
	GlobalSection(ExtensibilityGlobals) = postSolution
		SolutionGuid = {41E17AAF-B957-4B85-9E27-4C45D9642654}
	EndGlobalSection
EndGlobal
